
Microsoft Visual Studio Solution File, Format Version 12.00
# Visual Studio 2012
Project("{FAE04EC0-301F-11D3-BF4B-00C04F79EFBC}") = "XamarinAllianceApp", "XamarinAllianceApp.csproj", "{3AFA591D-C115-4AC9-9519-F788373ECDE9}"
EndProject
Global
	GlobalSection(SolutionConfigurationPlatforms) = preSolution
		Debug|Any CPU = Debug|Any CPU
		Release|Any CPU = Release|Any CPU
	EndGlobalSection
	GlobalSection(ProjectConfigurationPlatforms) = postSolution
		{3AFA591D-C115-4AC9-9519-F788373ECDE9}.Debug|Any CPU.ActiveCfg = Debug|Any CPU
		{3AFA591D-C115-4AC9-9519-F788373ECDE9}.Debug|Any CPU.Build.0 = Debug|Any CPU
		{3AFA591D-C115-4AC9-9519-F788373ECDE9}.Release|Any CPU.ActiveCfg = Release|Any CPU
		{3AFA591D-C115-4AC9-9519-F788373ECDE9}.Release|Any CPU.Build.0 = Release|Any CPU
	EndGlobalSection
EndGlobal
